// !$*UTF8*$!
{
	archiveVersion = 1;
	classes = {
	};
	objectVersion = 56;
	objects = {

/* Begin PBXBuildFile section */
		3D7043312BB8744E00AD0B57 /* FinancialOverview.swift in Sources */ = {isa = PBXBuildFile; fileRef = 3D7043302BB8744E00AD0B57 /* FinancialOverview.swift */; };
		3D7043332BB8C74B00AD0B57 /* ProfileView.swift in Sources */ = {isa = PBXBuildFile; fileRef = 3D7043322BB8C74B00AD0B57 /* ProfileView.swift */; };
		3D7043362BB8C9FA00AD0B57 /* FirebaseStorage in Frameworks */ = {isa = PBXBuildFile; productRef = 3D7043352BB8C9FA00AD0B57 /* FirebaseStorage */; };
		3D8E02C32BB08454003C5E42 /* FinControlApp.swift in Sources */ = {isa = PBXBuildFile; fileRef = 3D8E02C22BB08454003C5E42 /* FinControlApp.swift */; };
		3D8E02C52BB08454003C5E42 /* ContentView.swift in Sources */ = {isa = PBXBuildFile; fileRef = 3D8E02C42BB08454003C5E42 /* ContentView.swift */; };
		3D8E02C72BB08454003C5E42 /* Assets.xcassets in Resources */ = {isa = PBXBuildFile; fileRef = 3D8E02C62BB08454003C5E42 /* Assets.xcassets */; };
		3D8E02CA2BB08454003C5E42 /* Preview Assets.xcassets in Resources */ = {isa = PBXBuildFile; fileRef = 3D8E02C92BB08454003C5E42 /* Preview Assets.xcassets */; };
		3D8E02D12BB08C96003C5E42 /* SignUpView.swift in Sources */ = {isa = PBXBuildFile; fileRef = 3D8E02D02BB08C96003C5E42 /* SignUpView.swift */; };
		3D8E02D32BB08F75003C5E42 /* Extensions.swift in Sources */ = {isa = PBXBuildFile; fileRef = 3D8E02D22BB08F75003C5E42 /* Extensions.swift */; };
		3D8E02D72BB090DE003C5E42 /* InputView.swift in Sources */ = {isa = PBXBuildFile; fileRef = 3D8E02D62BB090DE003C5E42 /* InputView.swift */; };
		3D8E02D92BB09E28003C5E42 /* .gitignore in Resources */ = {isa = PBXBuildFile; fileRef = 3D8E02D82BB09E28003C5E42 /* .gitignore */; };
		3D8E02DD2BB09F35003C5E42 /* GoogleService-Info.plist in Resources */ = {isa = PBXBuildFile; fileRef = 3D8E02DC2BB09F35003C5E42 /* GoogleService-Info.plist */; };
		3D8E02E02BB0A2C6003C5E42 /* FirebaseAuth in Frameworks */ = {isa = PBXBuildFile; productRef = 3D8E02DF2BB0A2C6003C5E42 /* FirebaseAuth */; };
		3D8E02E22BB0A2C6003C5E42 /* FirebaseFirestore in Frameworks */ = {isa = PBXBuildFile; productRef = 3D8E02E12BB0A2C6003C5E42 /* FirebaseFirestore */; };
		3D8E02E42BB0A7EA003C5E42 /* LogInView.swift in Sources */ = {isa = PBXBuildFile; fileRef = 3D8E02E32BB0A7EA003C5E42 /* LogInView.swift */; };
		3D8E02E82BB24D9B003C5E42 /* DashboardView.swift in Sources */ = {isa = PBXBuildFile; fileRef = 3D8E02E72BB24D9B003C5E42 /* DashboardView.swift */; };
		3D8E02EA2BB3B1FA003C5E42 /* AddBillView.swift in Sources */ = {isa = PBXBuildFile; fileRef = 3D8E02E92BB3B1FA003C5E42 /* AddBillView.swift */; };
		3D8E02ED2BB4F3EF003C5E42 /* Category.swift in Sources */ = {isa = PBXBuildFile; fileRef = 3D8E02EC2BB4F3EF003C5E42 /* Category.swift */; };
		3D8E02EF2BB85693003C5E42 /* Finance.swift in Sources */ = {isa = PBXBuildFile; fileRef = 3D8E02EE2BB85693003C5E42 /* Finance.swift */; };
/* End PBXBuildFile section */

/* Begin PBXFileReference section */
		3D7043302BB8744E00AD0B57 /* FinancialOverview.swift */ = {isa = PBXFileReference; lastKnownFileType = sourcecode.swift; path = FinancialOverview.swift; sourceTree = "<group>"; };
		3D7043322BB8C74B00AD0B57 /* ProfileView.swift */ = {isa = PBXFileReference; lastKnownFileType = sourcecode.swift; path = ProfileView.swift; sourceTree = "<group>"; };
		3D8E02BF2BB08454003C5E42 /* FinControl.app */ = {isa = PBXFileReference; explicitFileType = wrapper.application; includeInIndex = 0; path = FinControl.app; sourceTree = BUILT_PRODUCTS_DIR; };
		3D8E02C22BB08454003C5E42 /* FinControlApp.swift */ = {isa = PBXFileReference; lastKnownFileType = sourcecode.swift; path = FinControlApp.swift; sourceTree = "<group>"; };
		3D8E02C42BB08454003C5E42 /* ContentView.swift */ = {isa = PBXFileReference; lastKnownFileType = sourcecode.swift; path = ContentView.swift; sourceTree = "<group>"; };
		3D8E02C62BB08454003C5E42 /* Assets.xcassets */ = {isa = PBXFileReference; lastKnownFileType = folder.assetcatalog; path = Assets.xcassets; sourceTree = "<group>"; };
		3D8E02C92BB08454003C5E42 /* Preview Assets.xcassets */ = {isa = PBXFileReference; lastKnownFileType = folder.assetcatalog; path = "Preview Assets.xcassets"; sourceTree = "<group>"; };
		3D8E02D02BB08C96003C5E42 /* SignUpView.swift */ = {isa = PBXFileReference; lastKnownFileType = sourcecode.swift; path = SignUpView.swift; sourceTree = "<group>"; };
		3D8E02D22BB08F75003C5E42 /* Extensions.swift */ = {isa = PBXFileReference; lastKnownFileType = sourcecode.swift; path = Extensions.swift; sourceTree = "<group>"; };
		3D8E02D62BB090DE003C5E42 /* InputView.swift */ = {isa = PBXFileReference; lastKnownFileType = sourcecode.swift; path = InputView.swift; sourceTree = "<group>"; };
		3D8E02D82BB09E28003C5E42 /* .gitignore */ = {isa = PBXFileReference; lastKnownFileType = text; path = .gitignore; sourceTree = "<group>"; };
		3D8E02DC2BB09F35003C5E42 /* GoogleService-Info.plist */ = {isa = PBXFileReference; fileEncoding = 4; lastKnownFileType = text.plist.xml; path = "GoogleService-Info.plist"; sourceTree = "<group>"; };
		3D8E02E32BB0A7EA003C5E42 /* LogInView.swift */ = {isa = PBXFileReference; lastKnownFileType = sourcecode.swift; path = LogInView.swift; sourceTree = "<group>"; };
		3D8E02E72BB24D9B003C5E42 /* DashboardView.swift */ = {isa = PBXFileReference; lastKnownFileType = sourcecode.swift; path = DashboardView.swift; sourceTree = "<group>"; };
		3D8E02E92BB3B1FA003C5E42 /* AddBillView.swift */ = {isa = PBXFileReference; lastKnownFileType = sourcecode.swift; path = AddBillView.swift; sourceTree = "<group>"; };
		3D8E02EC2BB4F3EF003C5E42 /* Category.swift */ = {isa = PBXFileReference; lastKnownFileType = sourcecode.swift; path = Category.swift; sourceTree = "<group>"; };
		3D8E02EE2BB85693003C5E42 /* Finance.swift */ = {isa = PBXFileReference; lastKnownFileType = sourcecode.swift; path = Finance.swift; sourceTree = "<group>"; };
/* End PBXFileReference section */

/* Begin PBXFrameworksBuildPhase section */
		3D8E02BC2BB08454003C5E42 /* Frameworks */ = {
			isa = PBXFrameworksBuildPhase;
			buildActionMask = 2147483647;
			files = (
				3D8E02E02BB0A2C6003C5E42 /* FirebaseAuth in Frameworks */,
				3D8E02E22BB0A2C6003C5E42 /* FirebaseFirestore in Frameworks */,
				3D7043362BB8C9FA00AD0B57 /* FirebaseStorage in Frameworks */,
			);
			runOnlyForDeploymentPostprocessing = 0;
		};
/* End PBXFrameworksBuildPhase section */

/* Begin PBXGroup section */
		3D7043342BB8C9FA00AD0B57 /* Frameworks */ = {
			isa = PBXGroup;
			children = (
			);
			name = Frameworks;
			sourceTree = "<group>";
		};
		3D8E02B62BB08453003C5E42 = {
			isa = PBXGroup;
			children = (
				3D8E02D82BB09E28003C5E42 /* .gitignore */,
				3D8E02C12BB08454003C5E42 /* FinControl */,
				3D8E02C02BB08454003C5E42 /* Products */,
				3D7043342BB8C9FA00AD0B57 /* Frameworks */,
			);
			sourceTree = "<group>";
		};
		3D8E02C02BB08454003C5E42 /* Products */ = {
			isa = PBXGroup;
			children = (
				3D8E02BF2BB08454003C5E42 /* FinControl.app */,
			);
			name = Products;
			sourceTree = "<group>";
		};
		3D8E02C12BB08454003C5E42 /* FinControl */ = {
			isa = PBXGroup;
			children = (
				3D8E02EB2BB4F3DD003C5E42 /* Models */,
				3D8E02DC2BB09F35003C5E42 /* GoogleService-Info.plist */,
				3D8E02D42BB090A5003C5E42 /* Components */,
				3D8E02C22BB08454003C5E42 /* FinControlApp.swift */,
				3D8E02C42BB08454003C5E42 /* ContentView.swift */,
				3D8E02C62BB08454003C5E42 /* Assets.xcassets */,
				3D8E02C82BB08454003C5E42 /* Preview Content */,
				3D8E02D02BB08C96003C5E42 /* SignUpView.swift */,
				3D8E02D22BB08F75003C5E42 /* Extensions.swift */,
				3D8E02E32BB0A7EA003C5E42 /* LogInView.swift */,
				3D8E02E72BB24D9B003C5E42 /* DashboardView.swift */,
				3D8E02E92BB3B1FA003C5E42 /* AddBillView.swift */,
				3D7043302BB8744E00AD0B57 /* FinancialOverview.swift */,
				3D7043322BB8C74B00AD0B57 /* ProfileView.swift */,
			);
			path = FinControl;
			sourceTree = "<group>";
		};
		3D8E02C82BB08454003C5E42 /* Preview Content */ = {
			isa = PBXGroup;
			children = (
				3D8E02C92BB08454003C5E42 /* Preview Assets.xcassets */,
			);
			path = "Preview Content";
			sourceTree = "<group>";
		};
		3D8E02D42BB090A5003C5E42 /* Components */ = {
			isa = PBXGroup;
			children = (
				3D8E02D52BB090C0003C5E42 /* Input */,
			);
			path = Components;
			sourceTree = "<group>";
		};
		3D8E02D52BB090C0003C5E42 /* Input */ = {
			isa = PBXGroup;
			children = (
				3D8E02D62BB090DE003C5E42 /* InputView.swift */,
			);
			path = Input;
			sourceTree = "<group>";
		};
		3D8E02EB2BB4F3DD003C5E42 /* Models */ = {
			isa = PBXGroup;
			children = (
				3D8E02EC2BB4F3EF003C5E42 /* Category.swift */,
				3D8E02EE2BB85693003C5E42 /* Finance.swift */,
			);
			path = Models;
			sourceTree = "<group>";
		};
/* End PBXGroup section */

/* Begin PBXNativeTarget section */
		3D8E02BE2BB08454003C5E42 /* FinControl */ = {
			isa = PBXNativeTarget;
			buildConfigurationList = 3D8E02CD2BB08454003C5E42 /* Build configuration list for PBXNativeTarget "FinControl" */;
			buildPhases = (
				3D8E02BB2BB08454003C5E42 /* Sources */,
				3D8E02BC2BB08454003C5E42 /* Frameworks */,
				3D8E02BD2BB08454003C5E42 /* Resources */,
			);
			buildRules = (
			);
			dependencies = (
			);
			name = FinControl;
			packageProductDependencies = (
				3D8E02DF2BB0A2C6003C5E42 /* FirebaseAuth */,
				3D8E02E12BB0A2C6003C5E42 /* FirebaseFirestore */,
				3D7043352BB8C9FA00AD0B57 /* FirebaseStorage */,
			);
			productName = FinControl;
			productReference = 3D8E02BF2BB08454003C5E42 /* FinControl.app */;
			productType = "com.apple.product-type.application";
		};
/* End PBXNativeTarget section */

/* Begin PBXProject section */
		3D8E02B72BB08453003C5E42 /* Project object */ = {
			isa = PBXProject;
			attributes = {
				BuildIndependentTargetsInParallel = 1;
				LastSwiftUpdateCheck = 1420;
				LastUpgradeCheck = 1420;
				TargetAttributes = {
					3D8E02BE2BB08454003C5E42 = {
						CreatedOnToolsVersion = 14.2;
					};
				};
			};
			buildConfigurationList = 3D8E02BA2BB08453003C5E42 /* Build configuration list for PBXProject "FinControl" */;
			compatibilityVersion = "Xcode 14.0";
			developmentRegion = en;
			hasScannedForEncodings = 0;
			knownRegions = (
				en,
				Base,
			);
			mainGroup = 3D8E02B62BB08453003C5E42;
			packageReferences = (
				3D8E02DE2BB0A2C6003C5E42 /* XCRemoteSwiftPackageReference "firebase-ios-sdk" */,
			);
			productRefGroup = 3D8E02C02BB08454003C5E42 /* Products */;
			projectDirPath = "";
			projectRoot = "";
			targets = (
				3D8E02BE2BB08454003C5E42 /* FinControl */,
			);
		};
/* End PBXProject section */

/* Begin PBXResourcesBuildPhase section */
		3D8E02BD2BB08454003C5E42 /* Resources */ = {
			isa = PBXResourcesBuildPhase;
			buildActionMask = 2147483647;
			files = (
				3D8E02CA2BB08454003C5E42 /* Preview Assets.xcassets in Resources */,
				3D8E02D92BB09E28003C5E42 /* .gitignore in Resources */,
				3D8E02C72BB08454003C5E42 /* Assets.xcassets in Resources */,
				3D8E02DD2BB09F35003C5E42 /* GoogleService-Info.plist in Resources */,
			);
			runOnlyForDeploymentPostprocessing = 0;
		};
/* End PBXResourcesBuildPhase section */

/* Begin PBXSourcesBuildPhase section */
		3D8E02BB2BB08454003C5E42 /* Sources */ = {
			isa = PBXSourcesBuildPhase;
			buildActionMask = 2147483647;
			files = (
				3D8E02E42BB0A7EA003C5E42 /* LogInView.swift in Sources */,
				3D8E02D12BB08C96003C5E42 /* SignUpView.swift in Sources */,
				3D8E02EF2BB85693003C5E42 /* Finance.swift in Sources */,
				3D8E02C52BB08454003C5E42 /* ContentView.swift in Sources */,
				3D7043332BB8C74B00AD0B57 /* ProfileView.swift in Sources */,
				3D8E02EA2BB3B1FA003C5E42 /* AddBillView.swift in Sources */,
				3D7043312BB8744E00AD0B57 /* FinancialOverview.swift in Sources */,
				3D8E02E82BB24D9B003C5E42 /* DashboardView.swift in Sources */,
				3D8E02ED2BB4F3EF003C5E42 /* Category.swift in Sources */,
				3D8E02D72BB090DE003C5E42 /* InputView.swift in Sources */,
				3D8E02C32BB08454003C5E42 /* FinControlApp.swift in Sources */,
				3D8E02D32BB08F75003C5E42 /* Extensions.swift in Sources */,
			);
			runOnlyForDeploymentPostprocessing = 0;
		};
/* End PBXSourcesBuildPhase section */

/* Begin XCBuildConfiguration section */
		3D8E02CB2BB08454003C5E42 /* Debug */ = {
			isa = XCBuildConfiguration;
			buildSettings = {
				ALWAYS_SEARCH_USER_PATHS = NO;
				CLANG_ANALYZER_NONNULL = YES;
				CLANG_ANALYZER_NUMBER_OBJECT_CONVERSION = YES_AGGRESSIVE;
				CLANG_CXX_LANGUAGE_STANDARD = "gnu++20";
				CLANG_ENABLE_MODULES = YES;
				CLANG_ENABLE_OBJC_ARC = YES;
				CLANG_ENABLE_OBJC_WEAK = YES;
				CLANG_WARN_BLOCK_CAPTURE_AUTORELEASING = YES;
				CLANG_WARN_BOOL_CONVERSION = YES;
				CLANG_WARN_COMMA = YES;
				CLANG_WARN_CONSTANT_CONVERSION = YES;
				CLANG_WARN_DEPRECATED_OBJC_IMPLEMENTATIONS = YES;
				CLANG_WARN_DIRECT_OBJC_ISA_USAGE = YES_ERROR;
				CLANG_WARN_DOCUMENTATION_COMMENTS = YES;
				CLANG_WARN_EMPTY_BODY = YES;
				CLANG_WARN_ENUM_CONVERSION = YES;
				CLANG_WARN_INFINITE_RECURSION = YES;
				CLANG_WARN_INT_CONVERSION = YES;
				CLANG_WARN_NON_LITERAL_NULL_CONVERSION = YES;
				CLANG_WARN_OBJC_IMPLICIT_RETAIN_SELF = YES;
				CLANG_WARN_OBJC_LITERAL_CONVERSION = YES;
				CLANG_WARN_OBJC_ROOT_CLASS = YES_ERROR;
				CLANG_WARN_QUOTED_INCLUDE_IN_FRAMEWORK_HEADER = YES;
				CLANG_WARN_RANGE_LOOP_ANALYSIS = YES;
				CLANG_WARN_STRICT_PROTOTYPES = YES;
				CLANG_WARN_SUSPICIOUS_MOVE = YES;
				CLANG_WARN_UNGUARDED_AVAILABILITY = YES_AGGRESSIVE;
				CLANG_WARN_UNREACHABLE_CODE = YES;
				CLANG_WARN__DUPLICATE_METHOD_MATCH = YES;
				COPY_PHASE_STRIP = NO;
				DEBUG_INFORMATION_FORMAT = dwarf;
				ENABLE_STRICT_OBJC_MSGSEND = YES;
				ENABLE_TESTABILITY = YES;
				GCC_C_LANGUAGE_STANDARD = gnu11;
				GCC_DYNAMIC_NO_PIC = NO;
				GCC_NO_COMMON_BLOCKS = YES;
				GCC_OPTIMIZATION_LEVEL = 0;
				GCC_PREPROCESSOR_DEFINITIONS = (
					"DEBUG=1",
					"$(inherited)",
				);
				GCC_WARN_64_TO_32_BIT_CONVERSION = YES;
				GCC_WARN_ABOUT_RETURN_TYPE = YES_ERROR;
				GCC_WARN_UNDECLARED_SELECTOR = YES;
				GCC_WARN_UNINITIALIZED_AUTOS = YES_AGGRESSIVE;
				GCC_WARN_UNUSED_FUNCTION = YES;
				GCC_WARN_UNUSED_VARIABLE = YES;
				IPHONEOS_DEPLOYMENT_TARGET = 16.2;
				MTL_ENABLE_DEBUG_INFO = INCLUDE_SOURCE;
				MTL_FAST_MATH = YES;
				ONLY_ACTIVE_ARCH = YES;
				SDKROOT = iphoneos;
				SWIFT_ACTIVE_COMPILATION_CONDITIONS = DEBUG;
				SWIFT_OPTIMIZATION_LEVEL = "-Onone";
			};
			name = Debug;
		};
		3D8E02CC2BB08454003C5E42 /* Release */ = {
			isa = XCBuildConfiguration;
			buildSettings = {
				ALWAYS_SEARCH_USER_PATHS = NO;
				CLANG_ANALYZER_NONNULL = YES;
				CLANG_ANALYZER_NUMBER_OBJECT_CONVERSION = YES_AGGRESSIVE;
				CLANG_CXX_LANGUAGE_STANDARD = "gnu++20";
				CLANG_ENABLE_MODULES = YES;
				CLANG_ENABLE_OBJC_ARC = YES;
				CLANG_ENABLE_OBJC_WEAK = YES;
				CLANG_WARN_BLOCK_CAPTURE_AUTORELEASING = YES;
				CLANG_WARN_BOOL_CONVERSION = YES;
				CLANG_WARN_COMMA = YES;
				CLANG_WARN_CONSTANT_CONVERSION = YES;
				CLANG_WARN_DEPRECATED_OBJC_IMPLEMENTATIONS = YES;
				CLANG_WARN_DIRECT_OBJC_ISA_USAGE = YES_ERROR;
				CLANG_WARN_DOCUMENTATION_COMMENTS = YES;
				CLANG_WARN_EMPTY_BODY = YES;
				CLANG_WARN_ENUM_CONVERSION = YES;
				CLANG_WARN_INFINITE_RECURSION = YES;
				CLANG_WARN_INT_CONVERSION = YES;
				CLANG_WARN_NON_LITERAL_NULL_CONVERSION = YES;
				CLANG_WARN_OBJC_IMPLICIT_RETAIN_SELF = YES;
				CLANG_WARN_OBJC_LITERAL_CONVERSION = YES;
				CLANG_WARN_OBJC_ROOT_CLASS = YES_ERROR;
				CLANG_WARN_QUOTED_INCLUDE_IN_FRAMEWORK_HEADER = YES;
				CLANG_WARN_RANGE_LOOP_ANALYSIS = YES;
				CLANG_WARN_STRICT_PROTOTYPES = YES;
				CLANG_WARN_SUSPICIOUS_MOVE = YES;
				CLANG_WARN_UNGUARDED_AVAILABILITY = YES_AGGRESSIVE;
				CLANG_WARN_UNREACHABLE_CODE = YES;
				CLANG_WARN__DUPLICATE_METHOD_MATCH = YES;
				COPY_PHASE_STRIP = NO;
				DEBUG_INFORMATION_FORMAT = "dwarf-with-dsym";
				ENABLE_NS_ASSERTIONS = NO;
				ENABLE_STRICT_OBJC_MSGSEND = YES;
				GCC_C_LANGUAGE_STANDARD = gnu11;
				GCC_NO_COMMON_BLOCKS = YES;
				GCC_WARN_64_TO_32_BIT_CONVERSION = YES;
				GCC_WARN_ABOUT_RETURN_TYPE = YES_ERROR;
				GCC_WARN_UNDECLARED_SELECTOR = YES;
				GCC_WARN_UNINITIALIZED_AUTOS = YES_AGGRESSIVE;
				GCC_WARN_UNUSED_FUNCTION = YES;
				GCC_WARN_UNUSED_VARIABLE = YES;
				IPHONEOS_DEPLOYMENT_TARGET = 16.2;
				MTL_ENABLE_DEBUG_INFO = NO;
				MTL_FAST_MATH = YES;
				SDKROOT = iphoneos;
				SWIFT_COMPILATION_MODE = wholemodule;
				SWIFT_OPTIMIZATION_LEVEL = "-O";
				VALIDATE_PRODUCT = YES;
			};
			name = Release;
		};
		3D8E02CE2BB08454003C5E42 /* Debug */ = {
			isa = XCBuildConfiguration;
			buildSettings = {
				ASSETCATALOG_COMPILER_APPICON_NAME = AppIcon;
				ASSETCATALOG_COMPILER_GLOBAL_ACCENT_COLOR_NAME = AccentColor;
				CODE_SIGN_STYLE = Automatic;
				CURRENT_PROJECT_VERSION = 1;
				DEVELOPMENT_ASSET_PATHS = "\"FinControl/Preview Content\"";
				ENABLE_PREVIEWS = YES;
				GENERATE_INFOPLIST_FILE = YES;
				INFOPLIST_KEY_NSCameraUsageDescription = "$(PRODUCT_NAME) Need Camera Access to take profile picture";
				INFOPLIST_KEY_UIApplicationSceneManifest_Generation = YES;
				INFOPLIST_KEY_UIApplicationSupportsIndirectInputEvents = YES;
				INFOPLIST_KEY_UILaunchScreen_Generation = YES;
				INFOPLIST_KEY_UISupportedInterfaceOrientations_iPad = "UIInterfaceOrientationPortrait UIInterfaceOrientationPortraitUpsideDown UIInterfaceOrientationLandscapeLeft UIInterfaceOrientationLandscapeRight";
				INFOPLIST_KEY_UISupportedInterfaceOrientations_iPhone = "UIInterfaceOrientationPortrait UIInterfaceOrientationLandscapeLeft UIInterfaceOrientationLandscapeRight";
				LD_RUNPATH_SEARCH_PATHS = (
					"$(inherited)",
					"@executable_path/Frameworks",
				);
				MARKETING_VERSION = 1.0;
				PRODUCT_BUNDLE_IDENTIFIER = com.lucasaugustocastro.FinControl;
				PRODUCT_NAME = "$(TARGET_NAME)";
				SWIFT_EMIT_LOC_STRINGS = YES;
				SWIFT_VERSION = 5.0;
				TARGETED_DEVICE_FAMILY = "1,2";
			};
			name = Debug;
		};
		3D8E02CF2BB08454003C5E42 /* Release */ = {
			isa = XCBuildConfiguration;
			buildSettings = {
				ASSETCATALOG_COMPILER_APPICON_NAME = AppIcon;
				ASSETCATALOG_COMPILER_GLOBAL_ACCENT_COLOR_NAME = AccentColor;
				CODE_SIGN_STYLE = Automatic;
				CURRENT_PROJECT_VERSION = 1;
				DEVELOPMENT_ASSET_PATHS = "\"FinControl/Preview Content\"";
				ENABLE_PREVIEWS = YES;
				GENERATE_INFOPLIST_FILE = YES;
				INFOPLIST_KEY_NSCameraUsageDescription = "$(PRODUCT_NAME) Need Camera Access to take profile picture";
				INFOPLIST_KEY_UIApplicationSceneManifest_Generation = YES;
				INFOPLIST_KEY_UIApplicationSupportsIndirectInputEvents = YES;
				INFOPLIST_KEY_UILaunchScreen_Generation = YES;
				INFOPLIST_KEY_UISupportedInterfaceOrientations_iPad = "UIInterfaceOrientationPortrait UIInterfaceOrientationPortraitUpsideDown UIInterfaceOrientationLandscapeLeft UIInterfaceOrientationLandscapeRight";
				INFOPLIST_KEY_UISupportedInterfaceOrientations_iPhone = "UIInterfaceOrientationPortrait UIInterfaceOrientationLandscapeLeft UIInterfaceOrientationLandscapeRight";
				LD_RUNPATH_SEARCH_PATHS = (
					"$(inherited)",
					"@executable_path/Frameworks",
				);
				MARKETING_VERSION = 1.0;
				PRODUCT_BUNDLE_IDENTIFIER = com.lucasaugustocastro.FinControl;
				PRODUCT_NAME = "$(TARGET_NAME)";
				SWIFT_EMIT_LOC_STRINGS = YES;
				SWIFT_VERSION = 5.0;
				TARGETED_DEVICE_FAMILY = "1,2";
			};
			name = Release;
		};
/* End XCBuildConfiguration section */

/* Begin XCConfigurationList section */
		3D8E02BA2BB08453003C5E42 /* Build configuration list for PBXProject "FinControl" */ = {
			isa = XCConfigurationList;
			buildConfigurations = (
				3D8E02CB2BB08454003C5E42 /* Debug */,
				3D8E02CC2BB08454003C5E42 /* Release */,
			);
			defaultConfigurationIsVisible = 0;
			defaultConfigurationName = Release;
		};
		3D8E02CD2BB08454003C5E42 /* Build configuration list for PBXNativeTarget "FinControl" */ = {
			isa = XCConfigurationList;
			buildConfigurations = (
				3D8E02CE2BB08454003C5E42 /* Debug */,
				3D8E02CF2BB08454003C5E42 /* Release */,
			);
			defaultConfigurationIsVisible = 0;
			defaultConfigurationName = Release;
		};
/* End XCConfigurationList section */

/* Begin XCRemoteSwiftPackageReference section */
		3D8E02DE2BB0A2C6003C5E42 /* XCRemoteSwiftPackageReference "firebase-ios-sdk" */ = {
			isa = XCRemoteSwiftPackageReference;
			repositoryURL = "https://github.com/firebase/firebase-ios-sdk.git";
			requirement = {
				branch = main;
				kind = branch;
			};
		};
/* End XCRemoteSwiftPackageReference section */

/* Begin XCSwiftPackageProductDependency section */
		3D7043352BB8C9FA00AD0B57 /* FirebaseStorage */ = {
			isa = XCSwiftPackageProductDependency;
			package = 3D8E02DE2BB0A2C6003C5E42 /* XCRemoteSwiftPackageReference "firebase-ios-sdk" */;
			productName = FirebaseStorage;
		};
		3D8E02DF2BB0A2C6003C5E42 /* FirebaseAuth */ = {
			isa = XCSwiftPackageProductDependency;
			package = 3D8E02DE2BB0A2C6003C5E42 /* XCRemoteSwiftPackageReference "firebase-ios-sdk" */;
			productName = FirebaseAuth;
		};
		3D8E02E12BB0A2C6003C5E42 /* FirebaseFirestore */ = {
			isa = XCSwiftPackageProductDependency;
			package = 3D8E02DE2BB0A2C6003C5E42 /* XCRemoteSwiftPackageReference "firebase-ios-sdk" */;
			productName = FirebaseFirestore;
		};
/* End XCSwiftPackageProductDependency section */
	};
	rootObject = 3D8E02B72BB08453003C5E42 /* Project object */;
}
